github.com/astaxie/goredis v0.0.0-20160824151742-1f1c6e6fc3a8 h1:XN8UQV0Zro09FeYjkwEdGTmP+QFXfc95EDXKRxhOUAs=
github.com/astaxie/goredis v0.0.0-20160824151742-1f1c6e6fc3a8/go.mod h1:i0oI4E/DxCwoJG6iblWnjgLaTrbSEOtUxLtcZA6i7ac=
labix.org/v2/mgo v0.0.0-20140701140051-000000000287 h1:L0cnkNl4TfAXzvdrqsYEmxOHOCv2p5I3taaReO8BWFs=
labix.org/v2/mgo v0.0.0-20140701140051-000000000287/go.mod h1:Lg7AYkt1uXJoR9oeSZ3W/8IXLdvOfIITgZnommstyz4=
